
Microsoft Visual Studio Solution File, Format Version 12.00
# Visual Studio Version 16
VisualStudioVersion = 16.0.30621.155
MinimumVisualStudioVersion = 10.0.40219.1
Project("{8BC9CEB8-8B4A-11D0-8D11-00A0C91BC942}") = "1", "1\1.vcxproj", "{A7593BE4-CBB6-4DF4-A59A-6B0A3DAEAE64}"
EndProject
Project("{8BC9CEB8-8B4A-11D0-8D11-00A0C91BC942}") = "2", "2\2.vcxproj", "{BA49BB66-7A64-454A-B8F3-F5A8CD24F11C}"
EndProject
Project("{8BC9CEB8-8B4A-11D0-8D11-00A0C91BC942}") = "3", "3\3.vcxproj", "{2C821AA4-9C04-4556-BE42-0ED60834BE4F}"
EndProject
Project("{8BC9CEB8-8B4A-11D0-8D11-00A0C91BC942}") = "4", "4\4.vcxproj", "{31A5978F-D38D-41FA-9DD2-189B28D6740E}"
EndProject
Project("{8BC9CEB8-8B4A-11D0-8D11-00A0C91BC942}") = "5", "5\5.vcxproj", "{CCAA2B45-E44B-4E9C-9834-5A98F6B57E37}"
EndProject
Project("{8BC9CEB8-8B4A-11D0-8D11-00A0C91BC942}") = "6", "6\6.vcxproj", "{CAA1C6B5-ACE3-4A7B-BFF3-7148F6DE66F3}"
EndProject
Project("{8BC9CEB8-8B4A-11D0-8D11-00A0C91BC942}") = "7", "7\7.vcxproj", "{8B0991BA-D951-43F9-A803-F973E2182CC4}"
EndProject
Project("{8BC9CEB8-8B4A-11D0-8D11-00A0C91BC942}") = "8", "8\8.vcxproj", "{09F57732-ED48-436D-B4D9-6E1E4250C331}"
EndProject
Global
	GlobalSection(SolutionConfigurationPlatforms) = preSolution
		Debug|x64 = Debug|x64
		Debug|x86 = Debug|x86
		Release|x64 = Release|x64
		Release|x86 = Release|x86
	EndGlobalSection
	GlobalSection(ProjectConfigurationPlatforms) = postSolution
		{A7593BE4-CBB6-4DF4-A59A-6B0A3DAEAE64}.Debug|x64.ActiveCfg = Debug|x64
		{A7593BE4-CBB6-4DF4-A59A-6B0A3DAEAE64}.Debug|x64.Build.0 = Debug|x64
		{A7593BE4-CBB6-4DF4-A59A-6B0A3DAEAE64}.Debug|x86.ActiveCfg = Debug|Win32
		{A7593BE4-CBB6-4DF4-A59A-6B0A3DAEAE64}.Debug|x86.Build.0 = Debug|Win32
		{A7593BE4-CBB6-4DF4-A59A-6B0A3DAEAE64}.Release|x64.ActiveCfg = Release|x64
		{A7593BE4-CBB6-4DF4-A59A-6B0A3DAEAE64}.Release|x64.Build.0 = Release|x64
		{A7593BE4-CBB6-4DF4-A59A-6B0A3DAEAE64}.Release|x86.ActiveCfg = Release|Win32
		{A7593BE4-CBB6-4DF4-A59A-6B0A3DAEAE64}.Release|x86.Build.0 = Release|Win32
		{BA49BB66-7A64-454A-B8F3-F5A8CD24F11C}.Debug|x64.ActiveCfg = Debug|x64
		{BA49BB66-7A64-454A-B8F3-F5A8CD24F11C}.Debug|x64.Build.0 = Debug|x64
		{BA49BB66-7A64-454A-B8F3-F5A8CD24F11C}.Debug|x86.ActiveCfg = Debug|Win32
		{BA49BB66-7A64-454A-B8F3-F5A8CD24F11C}.Debug|x86.Build.0 = Debug|Win32
		{BA49BB66-7A64-454A-B8F3-F5A8CD24F11C}.Release|x64.ActiveCfg = Release|x64
		{BA49BB66-7A64-454A-B8F3-F5A8CD24F11C}.Release|x64.Build.0 = Release|x64
		{BA49BB66-7A64-454A-B8F3-F5A8CD24F11C}.Release|x86.ActiveCfg = Release|Win32
		{BA49BB66-7A64-454A-B8F3-F5A8CD24F11C}.Release|x86.Build.0 = Release|Win32
		{2C821AA4-9C04-4556-BE42-0ED60834BE4F}.Debug|x64.ActiveCfg = Debug|x64
		{2C821AA4-9C04-4556-BE42-0ED60834BE4F}.Debug|x64.Build.0 = Debug|x64
		{2C821AA4-9C04-4556-BE42-0ED60834BE4F}.Debug|x86.ActiveCfg = Debug|Win32
		{2C821AA4-9C04-4556-BE42-0ED60834BE4F}.Debug|x86.Build.0 = Debug|Win32
		{2C821AA4-9C04-4556-BE42-0ED60834BE4F}.Release|x64.ActiveCfg = Release|x64
		{2C821AA4-9C04-4556-BE42-0ED60834BE4F}.Release|x64.Build.0 = Release|x64
		{2C821AA4-9C04-4556-BE42-0ED60834BE4F}.Release|x86.ActiveCfg = Release|Win32
		{2C821AA4-9C04-4556-BE42-0ED60834BE4F}.Release|x86.Build.0 = Release|Win32
		{31A5978F-D38D-41FA-9DD2-189B28D6740E}.Debug|x64.ActiveCfg = Debug|x64
		{31A5978F-D38D-41FA-9DD2-189B28D6740E}.Debug|x64.Build.0 = Debug|x64
		{31A5978F-D38D-41FA-9DD2-189B28D6740E}.Debug|x86.ActiveCfg = Debug|Win32
		{31A5978F-D38D-41FA-9DD2-189B28D6740E}.Debug|x86.Build.0 = Debug|Win32
		{31A5978F-D38D-41FA-9DD2-189B28D6740E}.Release|x64.ActiveCfg = Release|x64
		{31A5978F-D38D-41FA-9DD2-189B28D6740E}.Release|x64.Build.0 = Release|x64
		{31A5978F-D38D-41FA-9DD2-189B28D6740E}.Release|x86.ActiveCfg = Release|Win32
		{31A5978F-D38D-41FA-9DD2-189B28D6740E}.Release|x86.Build.0 = Release|Win32
		{CCAA2B45-E44B-4E9C-9834-5A98F6B57E37}.Debug|x64.ActiveCfg = Debug|x64
		{CCAA2B45-E44B-4E9C-9834-5A98F6B57E37}.Debug|x64.Build.0 = Debug|x64
		{CCAA2B45-E44B-4E9C-9834-5A98F6B57E37}.Debug|x86.ActiveCfg = Debug|Win32
		{CCAA2B45-E44B-4E9C-9834-5A98F6B57E37}.Debug|x86.Build.0 = Debug|Win32
		{CCAA2B45-E44B-4E9C-9834-5A98F6B57E37}.Release|x64.ActiveCfg = Release|x64
		{CCAA2B45-E44B-4E9C-9834-5A98F6B57E37}.Release|x64.Build.0 = Release|x64
		{CCAA2B45-E44B-4E9C-9834-5A98F6B57E37}.Release|x86.ActiveCfg = Release|Win32
		{CCAA2B45-E44B-4E9C-9834-5A98F6B57E37}.Release|x86.Build.0 = Release|Win32
		{CAA1C6B5-ACE3-4A7B-BFF3-7148F6DE66F3}.Debug|x64.ActiveCfg = Debug|x64
		{CAA1C6B5-ACE3-4A7B-BFF3-7148F6DE66F3}.Debug|x64.Build.0 = Debug|x64
		{CAA1C6B5-ACE3-4A7B-BFF3-7148F6DE66F3}.Debug|x86.ActiveCfg = Debug|Win32
		{CAA1C6B5-ACE3-4A7B-BFF3-7148F6DE66F3}.Debug|x86.Build.0 = Debug|Win32
		{CAA1C6B5-ACE3-4A7B-BFF3-7148F6DE66F3}.Release|x64.ActiveCfg = Release|x64
		{CAA1C6B5-ACE3-4A7B-BFF3-7148F6DE66F3}.Release|x64.Build.0 = Release|x64
		{CAA1C6B5-ACE3-4A7B-BFF3-7148F6DE66F3}.Release|x86.ActiveCfg = Release|Win32
		{CAA1C6B5-ACE3-4A7B-BFF3-7148F6DE66F3}.Release|x86.Build.0 = Release|Win32
		{8B0991BA-D951-43F9-A803-F973E2182CC4}.Debug|x64.ActiveCfg = Debug|x64
		{8B0991BA-D951-43F9-A803-F973E2182CC4}.Debug|x64.Build.0 = Debug|x64
		{8B0991BA-D951-43F9-A803-F973E2182CC4}.Debug|x86.ActiveCfg = Debug|Win32
		{8B0991BA-D951-43F9-A803-F973E2182CC4}.Debug|x86.Build.0 = Debug|Win32
		{8B0991BA-D951-43F9-A803-F973E2182CC4}.Release|x64.ActiveCfg = Release|x64
		{8B0991BA-D951-43F9-A803-F973E2182CC4}.Release|x64.Build.0 = Release|x64
		{8B0991BA-D951-43F9-A803-F973E2182CC4}.Release|x86.ActiveCfg = Release|Win32
		{8B0991BA-D951-43F9-A803-F973E2182CC4}.Release|x86.Build.0 = Release|Win32
		{09F57732-ED48-436D-B4D9-6E1E4250C331}.Debug|x64.ActiveCfg = Debug|x64
		{09F57732-ED48-436D-B4D9-6E1E4250C331}.Debug|x64.Build.0 = Debug|x64
		{09F57732-ED48-436D-B4D9-6E1E4250C331}.Debug|x86.ActiveCfg = Debug|Win32
		{09F57732-ED48-436D-B4D9-6E1E4250C331}.Debug|x86.Build.0 = Debug|Win32
		{09F57732-ED48-436D-B4D9-6E1E4250C331}.Release|x64.ActiveCfg = Release|x64
		{09F57732-ED48-436D-B4D9-6E1E4250C331}.Release|x64.Build.0 = Release|x64
		{09F57732-ED48-436D-B4D9-6E1E4250C331}.Release|x86.ActiveCfg = Release|Win32
		{09F57732-ED48-436D-B4D9-6E1E4250C331}.Release|x86.Build.0 = Release|Win32
	EndGlobalSection
	GlobalSection(SolutionProperties) = preSolution
		HideSolutionNode = FALSE
	EndGlobalSection
	GlobalSection(ExtensibilityGlobals) = postSolution
		SolutionGuid = {9FD3AE1D-7438-423F-B045-60FC7748C34F}
	EndGlobalSection
EndGlobal
